
Microsoft Visual Studio Solution File, Format Version 12.00
# Visual Studio 2013
VisualStudioVersion = 12.0.40629.0
MinimumVisualStudioVersion = 10.0.40219.1
Project("{8BC9CEB8-8B4A-11D0-8D11-00A0C91BC942}") = "SJTU_AGV_Dect", "SJTU_AGV_Dect\SJTU_AGV_Dect.vcxproj", "{E08F6C70-F16C-48C7-970A-51751D467F0B}"
EndProject
Global
	GlobalSection(SolutionConfigurationPlatforms) = preSolution
		Debug|Win32 = Debug|Win32
		Release|Win32 = Release|Win32
	EndGlobalSection
	GlobalSection(ProjectConfigurationPlatforms) = postSolution
		{E08F6C70-F16C-48C7-970A-51751D467F0B}.Debug|Win32.ActiveCfg = Debug|Win32
		{E08F6C70-F16C-48C7-970A-51751D467F0B}.Debug|Win32.Build.0 = Debug|Win32
		{E08F6C70-F16C-48C7-970A-51751D467F0B}.Release|Win32.ActiveCfg = Release|Win32
		{E08F6C70-F16C-48C7-970A-51751D467F0B}.Release|Win32.Build.0 = Release|Win32
	EndGlobalSection
	GlobalSection(SolutionProperties) = preSolution
		HideSolutionNode = FALSE
	EndGlobalSection
EndGlobal
